{
  "name": "hermes-nous-prices-tests",
  "lockfileVersion": 3,
  "requires": true,
  "packages": {
    "": {
      "name": "hermes-nous-prices-tests",
      "devDependencies": {
        "@nanostores/react": "2.0.1",
        "@tanstack/react-query": "5.103.1",
        "nanostores": "1.5.3",
        "react": "19.3.0",
        "react-test-renderer": "19.3.0"
      }
    },
    "node_modules/@nanostores/react": {
      "version": "2.0.1",
      "resolved": "https://registry.npmjs.org/@nanostores/react/-/react-2.0.1.tgz",
      "integrity": "sha512-txbZTd+7/hnO7FhtF8Pmr+cu0ThdCuCnOyEEh0DsEM2Hp9PfOa5EY4uj3wpZpypSzp5BuqDgf2AxVAKoUIWOFQ==",
      "dev": true,
      "funding": [
        {
          "type": "github",
          "url": "https://github.com/sponsors/ai"
        }
      ],
      "license": "MIT",
      "engines": {
        "node": "^22.0.0 || ^24.0.0 || >=26.0.0"
      },
      "peerDependencies": {
        "nanostores": "^1.2.0",
        "react": ">=18.0.0"
      }
    },
    "node_modules/@tanstack/query-core": {
      "version": "5.103.1",
      "resolved": "https://registry.npmjs.org/@tanstack/query-core/-/query-core-5.103.1.tgz",
      "integrity": "sha512-rms8HqTGp6zA00dM+cUQ2eBcgzNJefuu5CAMB37i/6MiGT1zulPOytCFu2a0qjLqVR2n1jENPj9woqFQNuCzWA==",
      "dev": true,
      "license": "MIT",
      "funding": {
        "type": "github",
        "url": "https://github.com/sponsors/tannerlinsley"
      }
    },
    "node_modules/@tanstack/react-query": {
      "version": "5.103.1",
      "resolved": "https://registry.npmjs.org/@tanstack/react-query/-/react-query-5.103.1.tgz",
      "integrity": "sha512-rmAPPApNEK17VXRJhtE1rja53n23VV5w30C0saCgJhhX+EpdUnVqMGV/s5nnzV43X75KTHKzuoiuxSzGTBIkag==",
      "dev": true,
      "license": "MIT",
      "dependencies": {
        "@tanstack/query-core": "5.103.1"
      },
      "funding": {
        "type": "github",
        "url": "https://github.com/sponsors/tannerlinsley"
      },
      "peerDependencies": {
        "react": "^18 || ^19"
      }
    },
    "node_modules/nanostores": {
      "version": "1.5.3",
      "resolved": "https://registry.npmjs.org/nanostores/-/nanostores-1.5.3.tgz",
      "integrity": "sha512-rQLB6eV4f2AW/n3L0JmwCROpaisYy9EDEADvEFSd1C/qG8hB6O5TPlh9A791JRbJr4CnMQBzptDcvD9OR1+6WA==",
      "dev": true,
      "funding": [
        {
          "type": "github",
          "url": "https://github.com/sponsors/ai"
        }
      ],
      "license": "MIT",
      "engines": {
        "node": "^20.0.0 || >=22.0.0"
      }
    },
    "node_modules/react": {
      "version": "19.3.0",
      "resolved": "https://registry.npmjs.org/react/-/react-19.3.0.tgz",
      "integrity": "sha512-E8LUcbtBWt20bbl2YoHfx4ZDBdxVTfOKtCZn9cDSJ4l6/nuoApcpIBcj47t2wZoVX8g2ZHuMHbiShgCR1T5Sog==",
      "dev": true,
      "license": "MIT",
      "engines": {
        "node": ">=0.10.0"
      }
    },
    "node_modules/react-is": {
      "version": "19.3.0",
      "resolved": "https://registry.npmjs.org/react-is/-/react-is-19.3.0.tgz",
      "integrity": "sha512-UpMYezM4v5/18F28aC66AEsjXIgE02kyEMH6yLdgLXu/UTfa1Ntwck/nNLrbqJsEXW7gPb0coNO9FQse9WTovA==",
      "dev": true,
      "license": "MIT"
    },
    "node_modules/react-test-renderer": {
      "version": "19.3.0",
      "resolved": "https://registry.npmjs.org/react-test-renderer/-/react-test-renderer-19.3.0.tgz",
      "integrity": "sha512-AUxgv+hRbqjRgx4xVwiWL6cvDDKPAva1VWLXQIMoevqQn9us//C5TX9LEnBGH47D0zvJpjwjxb1umzgOMvE8Wg==",
      "dev": true,
      "license": "MIT",
      "dependencies": {
        "react-is": "^19.3.0",
        "scheduler": "^0.28.0"
      },
      "peerDependencies": {
        "react": "^19.3.0"
      }
    },
    "node_modules/scheduler": {
      "version": "0.28.0",
      "resolved": "https://registry.npmjs.org/scheduler/-/scheduler-0.28.0.tgz",
      "integrity": "sha512-juorfCmIkIw8tT+p5BXSm6PJjQF/ycEYmKyzURCIt/RaZIhL+PulbQ9Yu2z1HdOJDdqDTlxA1+xKBmHXJsczAw==",
      "dev": true,
      "license": "MIT"
    }
  }
}
